
Microsoft Visual Studio Solution File, Format Version 12.00
# Visual Studio Version 17
VisualStudioVersion = 17.11.35312.102
MinimumVisualStudioVersion = 10.0.40219.1
Project("{FAE04EC0-301F-11D3-BF4B-00C04F79EFBC}") = "lab_06_web", "lab_06_web\lab_06_web.csproj", "{D14B87C9-EDAE-4974-A8A4-9435130191C1}"
EndProject
Global
	GlobalSection(SolutionConfigurationPlatforms) = preSolution
		Debug|Any CPU = Debug|Any CPU
		Release|Any CPU = Release|Any CPU
	EndGlobalSection
	GlobalSection(ProjectConfigurationPlatforms) = postSolution
		{D14B87C9-EDAE-4974-A8A4-9435130191C1}.Debug|Any CPU.ActiveCfg = Debug|Any CPU
		{D14B87C9-EDAE-4974-A8A4-9435130191C1}.Debug|Any CPU.Build.0 = Debug|Any CPU
		{D14B87C9-EDAE-4974-A8A4-9435130191C1}.Release|Any CPU.ActiveCfg = Release|Any CPU
		{D14B87C9-EDAE-4974-A8A4-9435130191C1}.Release|Any CPU.Build.0 = Release|Any CPU
	EndGlobalSection
	GlobalSection(SolutionProperties) = preSolution
		HideSolutionNode = FALSE
	EndGlobalSection
	GlobalSection(ExtensibilityGlobals) = postSolution
		SolutionGuid = {AABCB7A0-6BFC-4614-8819-E0719B245C81}
	EndGlobalSection
EndGlobal
