
Microsoft Visual Studio Solution File, Format Version 12.00
# Visual Studio Version 17
VisualStudioVersion = 17.6.33829.357
MinimumVisualStudioVersion = 10.0.40219.1
Project("{888888A0-9F3D-457C-B088-3A5042F75D52}") = "Gradient_Desent_algo", "Gradient_Desent_algo\Gradient_Desent_algo.pyproj", "{2CD51972-8FBE-4565-AAD8-D4D2425D2B54}"
EndProject
Global
	GlobalSection(SolutionConfigurationPlatforms) = preSolution
		Debug|Any CPU = Debug|Any CPU
		Release|Any CPU = Release|Any CPU
	EndGlobalSection
	GlobalSection(ProjectConfigurationPlatforms) = postSolution
		{2CD51972-8FBE-4565-AAD8-D4D2425D2B54}.Debug|Any CPU.ActiveCfg = Debug|Any CPU
		{2CD51972-8FBE-4565-AAD8-D4D2425D2B54}.Release|Any CPU.ActiveCfg = Release|Any CPU
	EndGlobalSection
	GlobalSection(SolutionProperties) = preSolution
		HideSolutionNode = FALSE
	EndGlobalSection
	GlobalSection(ExtensibilityGlobals) = postSolution
		SolutionGuid = {427B8B61-F6CA-4997-B5BD-BB7F1D63A93C}
	EndGlobalSection
EndGlobal
