
Microsoft Visual Studio Solution File, Format Version 12.00
# Visual Studio Version 17
VisualStudioVersion = 17.11.35312.102
MinimumVisualStudioVersion = 10.0.40219.1
Project("{FAE04EC0-301F-11D3-BF4B-00C04F79EFBC}") = "Orm_Ef", "Orm_Ef\Orm_Ef.csproj", "{CF1FC767-1895-43CC-ACC6-813084F5A79B}"
EndProject
Global
	GlobalSection(SolutionConfigurationPlatforms) = preSolution
		Debug|Any CPU = Debug|Any CPU
		Release|Any CPU = Release|Any CPU
	EndGlobalSection
	GlobalSection(ProjectConfigurationPlatforms) = postSolution
		{CF1FC767-1895-43CC-ACC6-813084F5A79B}.Debug|Any CPU.ActiveCfg = Debug|Any CPU
		{CF1FC767-1895-43CC-ACC6-813084F5A79B}.Debug|Any CPU.Build.0 = Debug|Any CPU
		{CF1FC767-1895-43CC-ACC6-813084F5A79B}.Release|Any CPU.ActiveCfg = Release|Any CPU
		{CF1FC767-1895-43CC-ACC6-813084F5A79B}.Release|Any CPU.Build.0 = Release|Any CPU
	EndGlobalSection
	GlobalSection(SolutionProperties) = preSolution
		HideSolutionNode = FALSE
	EndGlobalSection
	GlobalSection(ExtensibilityGlobals) = postSolution
		SolutionGuid = {ECBFD57F-514C-4869-9018-57F1E2564524}
	EndGlobalSection
EndGlobal
