
Microsoft Visual Studio Solution File, Format Version 12.00
# Visual Studio Version 17
VisualStudioVersion = 17.11.35312.102
MinimumVisualStudioVersion = 10.0.40219.1
Project("{FAE04EC0-301F-11D3-BF4B-00C04F79EFBC}") = "ORM_Practice", "ORM_Practice\ORM_Practice.csproj", "{6BFA34E1-5237-4D6B-8AF2-EA97247D269E}"
EndProject
Global
	GlobalSection(SolutionConfigurationPlatforms) = preSolution
		Debug|Any CPU = Debug|Any CPU
		Release|Any CPU = Release|Any CPU
	EndGlobalSection
	GlobalSection(ProjectConfigurationPlatforms) = postSolution
		{6BFA34E1-5237-4D6B-8AF2-EA97247D269E}.Debug|Any CPU.ActiveCfg = Debug|Any CPU
		{6BFA34E1-5237-4D6B-8AF2-EA97247D269E}.Debug|Any CPU.Build.0 = Debug|Any CPU
		{6BFA34E1-5237-4D6B-8AF2-EA97247D269E}.Release|Any CPU.ActiveCfg = Release|Any CPU
		{6BFA34E1-5237-4D6B-8AF2-EA97247D269E}.Release|Any CPU.Build.0 = Release|Any CPU
	EndGlobalSection
	GlobalSection(SolutionProperties) = preSolution
		HideSolutionNode = FALSE
	EndGlobalSection
	GlobalSection(ExtensibilityGlobals) = postSolution
		SolutionGuid = {B99338CB-E31F-417F-BBEC-5A7D54BA7CE3}
	EndGlobalSection
EndGlobal
